Microsoft Visual Studio Solution File, Format Version 12.00
# Visual Studio Version 17
VisualStudioVersion = 17.5.2.0
MinimumVisualStudioVersion = 10.0.40219.1
Project("{FAE04EC0-301F-11D3-BF4B-00C04F79EFBC}") = "HobbiesApiss", "HobbiesApiss.csproj", "{01F038E7-5DBA-4E40-E247-E59F67A4BADF}"
EndProject
Global
	GlobalSection(SolutionConfigurationPlatforms) = preSolution
		Debug|Any CPU = Debug|Any CPU
		Release|Any CPU = Release|Any CPU
	EndGlobalSection
	GlobalSection(ProjectConfigurationPlatforms) = postSolution
		{01F038E7-5DBA-4E40-E247-E59F67A4BADF}.Debug|Any CPU.ActiveCfg = Debug|Any CPU
		{01F038E7-5DBA-4E40-E247-E59F67A4BADF}.Debug|Any CPU.Build.0 = Debug|Any CPU
		{01F038E7-5DBA-4E40-E247-E59F67A4BADF}.Release|Any CPU.ActiveCfg = Release|Any CPU
		{01F038E7-5DBA-4E40-E247-E59F67A4BADF}.Release|Any CPU.Build.0 = Release|Any CPU
	EndGlobalSection
	GlobalSection(SolutionProperties) = preSolution
		HideSolutionNode = FALSE
	EndGlobalSection
	GlobalSection(ExtensibilityGlobals) = postSolution
		SolutionGuid = {5BA20B4A-DD63-44AA-8138-133E558BEC80}
	EndGlobalSection
EndGlobal
